// !$*UTF8*$!
{
	archiveVersion = 1;
	classes = {
	};
	objectVersion = 56;
	objects = {

/* Begin PBXBuildFile section */
		5C28827E2BC4809B00B52B23 /* CatOrDogV1App.swift in Sources */ = {isa = PBXBuildFile; fileRef = 5C28827D2BC4809B00B52B23 /* CatOrDogV1App.swift */; };
		5C2882802BC4809B00B52B23 /* ContentView.swift in Sources */ = {isa = PBXBuildFile; fileRef = 5C28827F2BC4809B00B52B23 /* ContentView.swift */; };
		5C2882822BC4809D00B52B23 /* Assets.xcassets in Resources */ = {isa = PBXBuildFile; fileRef = 5C2882812BC4809D00B52B23 /* Assets.xcassets */; };
		5C2882852BC4809D00B52B23 /* Preview Assets.xcassets in Resources */ = {isa = PBXBuildFile; fileRef = 5C2882842BC4809D00B52B23 /* Preview Assets.xcassets */; };
		5C28828F2BC4809D00B52B23 /* CatOrDogV1Tests.swift in Sources */ = {isa = PBXBuildFile; fileRef = 5C28828E2BC4809D00B52B23 /* CatOrDogV1Tests.swift */; };
		5C2882992BC4809D00B52B23 /* CatOrDogV1UITests.swift in Sources */ = {isa = PBXBuildFile; fileRef = 5C2882982BC4809D00B52B23 /* CatOrDogV1UITests.swift */; };
		5C28829B2BC4809D00B52B23 /* CatOrDogV1UITestsLaunchTests.swift in Sources */ = {isa = PBXBuildFile; fileRef = 5C28829A2BC4809D00B52B23 /* CatOrDogV1UITestsLaunchTests.swift */; };
		5C2882A82BC4812100B52B23 /* Constants.swift in Sources */ = {isa = PBXBuildFile; fileRef = 5C2882A72BC4812000B52B23 /* Constants.swift */; };
		5C2882AA2BC4813800B52B23 /* sample.json in Resources */ = {isa = PBXBuildFile; fileRef = 5C2882A92BC4813800B52B23 /* sample.json */; };
		5C2882AC2BC4814000B52B23 /* MobileNetV2.mlmodel in Sources */ = {isa = PBXBuildFile; fileRef = 5C2882AB2BC4814000B52B23 /* MobileNetV2.mlmodel */; };
		5C2882AE2BC4819700B52B23 /* Animal.swift in Sources */ = {isa = PBXBuildFile; fileRef = 5C2882AD2BC4819700B52B23 /* Animal.swift */; };
		5C2882B02BC4846300B52B23 /* AnimalModel.swift in Sources */ = {isa = PBXBuildFile; fileRef = 5C2882AF2BC4846300B52B23 /* AnimalModel.swift */; };
/* End PBXBuildFile section */

/* Begin PBXContainerItemProxy section */
		5C28828B2BC4809D00B52B23 /* PBXContainerItemProxy */ = {
			isa = PBXContainerItemProxy;
			containerPortal = 5C2882722BC4809B00B52B23 /* Project object */;
			proxyType = 1;
			remoteGlobalIDString = 5C2882792BC4809B00B52B23;
			remoteInfo = CatOrDogV1;
		};
		5C2882952BC4809D00B52B23 /* PBXContainerItemProxy */ = {
			isa = PBXContainerItemProxy;
			containerPortal = 5C2882722BC4809B00B52B23 /* Project object */;
			proxyType = 1;
			remoteGlobalIDString = 5C2882792BC4809B00B52B23;
			remoteInfo = CatOrDogV1;
		};
/* End PBXContainerItemProxy section */

/* Begin PBXFileReference section */
		5C28827A2BC4809B00B52B23 /* CatOrDogV1.app */ = {isa = PBXFileReference; explicitFileType = wrapper.application; includeInIndex = 0; path = CatOrDogV1.app; sourceTree = BUILT_PRODUCTS_DIR; };
		5C28827D2BC4809B00B52B23 /* CatOrDogV1App.swift */ = {isa = PBXFileReference; lastKnownFileType = sourcecode.swift; path = CatOrDogV1App.swift; sourceTree = "<group>"; };
		5C28827F2BC4809B00B52B23 /* ContentView.swift */ = {isa = PBXFileReference; lastKnownFileType = sourcecode.swift; path = ContentView.swift; sourceTree = "<group>"; };
		5C2882812BC4809D00B52B23 /* Assets.xcassets */ = {isa = PBXFileReference; lastKnownFileType = folder.assetcatalog; path = Assets.xcassets; sourceTree = "<group>"; };
		5C2882842BC4809D00B52B23 /* Preview Assets.xcassets */ = {isa = PBXFileReference; lastKnownFileType = folder.assetcatalog; path = "Preview Assets.xcassets"; sourceTree = "<group>"; };
		5C28828A2BC4809D00B52B23 /* CatOrDogV1Tests.xctest */ = {isa = PBXFileReference; explicitFileType = wrapper.cfbundle; includeInIndex = 0; path = CatOrDogV1Tests.xctest; sourceTree = BUILT_PRODUCTS_DIR; };
		5C28828E2BC4809D00B52B23 /* CatOrDogV1Tests.swift */ = {isa = PBXFileReference; lastKnownFileType = sourcecode.swift; path = CatOrDogV1Tests.swift; sourceTree = "<group>"; };
		5C2882942BC4809D00B52B23 /* CatOrDogV1UITests.xctest */ = {isa = PBXFileReference; explicitFileType = wrapper.cfbundle; includeInIndex = 0; path = CatOrDogV1UITests.xctest; sourceTree = BUILT_PRODUCTS_DIR; };
		5C2882982BC4809D00B52B23 /* CatOrDogV1UITests.swift */ = {isa = PBXFileReference; lastKnownFileType = sourcecode.swift; path = CatOrDogV1UITests.swift; sourceTree = "<group>"; };
		5C28829A2BC4809D00B52B23 /* CatOrDogV1UITestsLaunchTests.swift */ = {isa = PBXFileReference; lastKnownFileType = sourcecode.swift; path = CatOrDogV1UITestsLaunchTests.swift; sourceTree = "<group>"; };
		5C2882A72BC4812000B52B23 /* Constants.swift */ = {isa = PBXFileReference; fileEncoding = 4; lastKnownFileType = sourcecode.swift; path = Constants.swift; sourceTree = SOURCE_ROOT; };
		5C2882A92BC4813800B52B23 /* sample.json */ = {isa = PBXFileReference; fileEncoding = 4; lastKnownFileType = text.json; path = sample.json; sourceTree = SOURCE_ROOT; };
		5C2882AB2BC4814000B52B23 /* MobileNetV2.mlmodel */ = {isa = PBXFileReference; lastKnownFileType = file.mlmodel; path = MobileNetV2.mlmodel; sourceTree = SOURCE_ROOT; };
		5C2882AD2BC4819700B52B23 /* Animal.swift */ = {isa = PBXFileReference; lastKnownFileType = sourcecode.swift; path = Animal.swift; sourceTree = "<group>"; };
		5C2882AF2BC4846300B52B23 /* AnimalModel.swift */ = {isa = PBXFileReference; lastKnownFileType = sourcecode.swift; path = AnimalModel.swift; sourceTree = "<group>"; };
/* End PBXFileReference section */

/* Begin PBXFrameworksBuildPhase section */
		5C2882772BC4809B00B52B23 /* Frameworks */ = {
			isa = PBXFrameworksBuildPhase;
			buildActionMask = 2147483647;
			files = (
			);
			runOnlyForDeploymentPostprocessing = 0;
		};
		5C2882872BC4809D00B52B23 /* Frameworks */ = {
			isa = PBXFrameworksBuildPhase;
			buildActionMask = 2147483647;
			files = (
			);
			runOnlyForDeploymentPostprocessing = 0;
		};
		5C2882912BC4809D00B52B23 /* Frameworks */ = {
			isa = PBXFrameworksBuildPhase;
			buildActionMask = 2147483647;
			files = (
			);
			runOnlyForDeploymentPostprocessing = 0;
		};
/* End PBXFrameworksBuildPhase section */

/* Begin PBXGroup section */
		5C2882712BC4809B00B52B23 = {
			isa = PBXGroup;
			children = (
				5C28827C2BC4809B00B52B23 /* CatOrDogV1 */,
				5C28828D2BC4809D00B52B23 /* CatOrDogV1Tests */,
				5C2882972BC4809D00B52B23 /* CatOrDogV1UITests */,
				5C28827B2BC4809B00B52B23 /* Products */,
			);
			sourceTree = "<group>";
		};
		5C28827B2BC4809B00B52B23 /* Products */ = {
			isa = PBXGroup;
			children = (
				5C28827A2BC4809B00B52B23 /* CatOrDogV1.app */,
				5C28828A2BC4809D00B52B23 /* CatOrDogV1Tests.xctest */,
				5C2882942BC4809D00B52B23 /* CatOrDogV1UITests.xctest */,
			);
			name = Products;
			sourceTree = "<group>";
		};
		5C28827C2BC4809B00B52B23 /* CatOrDogV1 */ = {
			isa = PBXGroup;
			children = (
				5C28827D2BC4809B00B52B23 /* CatOrDogV1App.swift */,
				5C28827F2BC4809B00B52B23 /* ContentView.swift */,
				5C2882A72BC4812000B52B23 /* Constants.swift */,
				5C2882AD2BC4819700B52B23 /* Animal.swift */,
				5C2882AF2BC4846300B52B23 /* AnimalModel.swift */,
				5C2882AB2BC4814000B52B23 /* MobileNetV2.mlmodel */,
				5C2882A92BC4813800B52B23 /* sample.json */,
				5C2882812BC4809D00B52B23 /* Assets.xcassets */,
				5C2882832BC4809D00B52B23 /* Preview Content */,
			);
			path = CatOrDogV1;
			sourceTree = "<group>";
		};
		5C2882832BC4809D00B52B23 /* Preview Content */ = {
			isa = PBXGroup;
			children = (
				5C2882842BC4809D00B52B23 /* Preview Assets.xcassets */,
			);
			path = "Preview Content";
			sourceTree = "<group>";
		};
		5C28828D2BC4809D00B52B23 /* CatOrDogV1Tests */ = {
			isa = PBXGroup;
			children = (
				5C28828E2BC4809D00B52B23 /* CatOrDogV1Tests.swift */,
			);
			path = CatOrDogV1Tests;
			sourceTree = "<group>";
		};
		5C2882972BC4809D00B52B23 /* CatOrDogV1UITests */ = {
			isa = PBXGroup;
			children = (
				5C2882982BC4809D00B52B23 /* CatOrDogV1UITests.swift */,
				5C28829A2BC4809D00B52B23 /* CatOrDogV1UITestsLaunchTests.swift */,
			);
			path = CatOrDogV1UITests;
			sourceTree = "<group>";
		};
/* End PBXGroup section */

/* Begin PBXNativeTarget section */
		5C2882792BC4809B00B52B23 /* CatOrDogV1 */ = {
			isa = PBXNativeTarget;
			buildConfigurationList = 5C28829E2BC4809D00B52B23 /* Build configuration list for PBXNativeTarget "CatOrDogV1" */;
			buildPhases = (
				5C2882762BC4809B00B52B23 /* Sources */,
				5C2882772BC4809B00B52B23 /* Frameworks */,
				5C2882782BC4809B00B52B23 /* Resources */,
			);
			buildRules = (
			);
			dependencies = (
			);
			name = CatOrDogV1;
			productName = CatOrDogV1;
			productReference = 5C28827A2BC4809B00B52B23 /* CatOrDogV1.app */;
			productType = "com.apple.product-type.application";
		};
		5C2882892BC4809D00B52B23 /* CatOrDogV1Tests */ = {
			isa = PBXNativeTarget;
			buildConfigurationList = 5C2882A12BC4809D00B52B23 /* Build configuration list for PBXNativeTarget "CatOrDogV1Tests" */;
			buildPhases = (
				5C2882862BC4809D00B52B23 /* Sources */,
				5C2882872BC4809D00B52B23 /* Frameworks */,
				5C2882882BC4809D00B52B23 /* Resources */,
			);
			buildRules = (
			);
			dependencies = (
				5C28828C2BC4809D00B52B23 /* PBXTargetDependency */,
			);
			name = CatOrDogV1Tests;
			productName = CatOrDogV1Tests;
			productReference = 5C28828A2BC4809D00B52B23 /* CatOrDogV1Tests.xctest */;
			productType = "com.apple.product-type.bundle.unit-test";
		};
		5C2882932BC4809D00B52B23 /* CatOrDogV1UITests */ = {
			isa = PBXNativeTarget;
			buildConfigurationList = 5C2882A42BC4809D00B52B23 /* Build configuration list for PBXNativeTarget "CatOrDogV1UITests" */;
			buildPhases = (
				5C2882902BC4809D00B52B23 /* Sources */,
				5C2882912BC4809D00B52B23 /* Frameworks */,
				5C2882922BC4809D00B52B23 /* Resources */,
			);
			buildRules = (
			);
			dependencies = (
				5C2882962BC4809D00B52B23 /* PBXTargetDependency */,
			);
			name = CatOrDogV1UITests;
			productName = CatOrDogV1UITests;
			productReference = 5C2882942BC4809D00B52B23 /* CatOrDogV1UITests.xctest */;
			productType = "com.apple.product-type.bundle.ui-testing";
		};
/* End PBXNativeTarget section */

/* Begin PBXProject section */
		5C2882722BC4809B00B52B23 /* Project object */ = {
			isa = PBXProject;
			attributes = {
				BuildIndependentTargetsInParallel = 1;
				LastSwiftUpdateCheck = 1530;
				LastUpgradeCheck = 1530;
				TargetAttributes = {
					5C2882792BC4809B00B52B23 = {
						CreatedOnToolsVersion = 15.3;
					};
					5C2882892BC4809D00B52B23 = {
						CreatedOnToolsVersion = 15.3;
						TestTargetID = 5C2882792BC4809B00B52B23;
					};
					5C2882932BC4809D00B52B23 = {
						CreatedOnToolsVersion = 15.3;
						TestTargetID = 5C2882792BC4809B00B52B23;
					};
				};
			};
			buildConfigurationList = 5C2882752BC4809B00B52B23 /* Build configuration list for PBXProject "CatOrDogV1" */;
			compatibilityVersion = "Xcode 14.0";
			developmentRegion = en;
			hasScannedForEncodings = 0;
			knownRegions = (
				en,
				Base,
			);
			mainGroup = 5C2882712BC4809B00B52B23;
			productRefGroup = 5C28827B2BC4809B00B52B23 /* Products */;
			projectDirPath = "";
			projectRoot = "";
			targets = (
				5C2882792BC4809B00B52B23 /* CatOrDogV1 */,
				5C2882892BC4809D00B52B23 /* CatOrDogV1Tests */,
				5C2882932BC4809D00B52B23 /* CatOrDogV1UITests */,
			);
		};
/* End PBXProject section */

/* Begin PBXResourcesBuildPhase section */
		5C2882782BC4809B00B52B23 /* Resources */ = {
			isa = PBXResourcesBuildPhase;
			buildActionMask = 2147483647;
			files = (
				5C2882852BC4809D00B52B23 /* Preview Assets.xcassets in Resources */,
				5C2882822BC4809D00B52B23 /* Assets.xcassets in Resources */,
				5C2882AA2BC4813800B52B23 /* sample.json in Resources */,
			);
			runOnlyForDeploymentPostprocessing = 0;
		};
		5C2882882BC4809D00B52B23 /* Resources */ = {
			isa = PBXResourcesBuildPhase;
			buildActionMask = 2147483647;
			files = (
			);
			runOnlyForDeploymentPostprocessing = 0;
		};
		5C2882922BC4809D00B52B23 /* Resources */ = {
			isa = PBXResourcesBuildPhase;
			buildActionMask = 2147483647;
			files = (
			);
			runOnlyForDeploymentPostprocessing = 0;
		};
/* End PBXResourcesBuildPhase section */

/* Begin PBXSourcesBuildPhase section */
		5C2882762BC4809B00B52B23 /* Sources */ = {
			isa = PBXSourcesBuildPhase;
			buildActionMask = 2147483647;
			files = (
				5C2882802BC4809B00B52B23 /* ContentView.swift in Sources */,
				5C2882B02BC4846300B52B23 /* AnimalModel.swift in Sources */,
				5C28827E2BC4809B00B52B23 /* CatOrDogV1App.swift in Sources */,
				5C2882AC2BC4814000B52B23 /* MobileNetV2.mlmodel in Sources */,
				5C2882A82BC4812100B52B23 /* Constants.swift in Sources */,
				5C2882AE2BC4819700B52B23 /* Animal.swift in Sources */,
			);
			runOnlyForDeploymentPostprocessing = 0;
		};
		5C2882862BC4809D00B52B23 /* Sources */ = {
			isa = PBXSourcesBuildPhase;
			buildActionMask = 2147483647;
			files = (
				5C28828F2BC4809D00B52B23 /* CatOrDogV1Tests.swift in Sources */,
			);
			runOnlyForDeploymentPostprocessing = 0;
		};
		5C2882902BC4809D00B52B23 /* Sources */ = {
			isa = PBXSourcesBuildPhase;
			buildActionMask = 2147483647;
			files = (
				5C28829B2BC4809D00B52B23 /* CatOrDogV1UITestsLaunchTests.swift in Sources */,
				5C2882992BC4809D00B52B23 /* CatOrDogV1UITests.swift in Sources */,
			);
			runOnlyForDeploymentPostprocessing = 0;
		};
/* End PBXSourcesBuildPhase section */

/* Begin PBXTargetDependency section */
		5C28828C2BC4809D00B52B23 /* PBXTargetDependency */ = {
			isa = PBXTargetDependency;
			target = 5C2882792BC4809B00B52B23 /* CatOrDogV1 */;
			targetProxy = 5C28828B2BC4809D00B52B23 /* PBXContainerItemProxy */;
		};
		5C2882962BC4809D00B52B23 /* PBXTargetDependency */ = {
			isa = PBXTargetDependency;
			target = 5C2882792BC4809B00B52B23 /* CatOrDogV1 */;
			targetProxy = 5C2882952BC4809D00B52B23 /* PBXContainerItemProxy */;
		};
/* End PBXTargetDependency section */

/* Begin XCBuildConfiguration section */
		5C28829C2BC4809D00B52B23 /* Debug */ = {
			isa = XCBuildConfiguration;
			buildSettings = {
				ALWAYS_SEARCH_USER_PATHS = NO;
				ASSETCATALOG_COMPILER_GENERATE_SWIFT_ASSET_SYMBOL_EXTENSIONS = YES;
				CLANG_ANALYZER_NONNULL = YES;
				CLANG_ANALYZER_NUMBER_OBJECT_CONVERSION = YES_AGGRESSIVE;
				CLANG_CXX_LANGUAGE_STANDARD = "gnu++20";
				CLANG_ENABLE_MODULES = YES;
				CLANG_ENABLE_OBJC_ARC = YES;
				CLANG_ENABLE_OBJC_WEAK = YES;
				CLANG_WARN_BLOCK_CAPTURE_AUTORELEASING = YES;
				CLANG_WARN_BOOL_CONVERSION = YES;
				CLANG_WARN_COMMA = YES;
				CLANG_WARN_CONSTANT_CONVERSION = YES;
				CLANG_WARN_DEPRECATED_OBJC_IMPLEMENTATIONS = YES;
				CLANG_WARN_DIRECT_OBJC_ISA_USAGE = YES_ERROR;
				CLANG_WARN_DOCUMENTATION_COMMENTS = YES;
				CLANG_WARN_EMPTY_BODY = YES;
				CLANG_WARN_ENUM_CONVERSION = YES;
				CLANG_WARN_INFINITE_RECURSION = YES;
				CLANG_WARN_INT_CONVERSION = YES;
				CLANG_WARN_NON_LITERAL_NULL_CONVERSION = YES;
				CLANG_WARN_OBJC_IMPLICIT_RETAIN_SELF = YES;
				CLANG_WARN_OBJC_LITERAL_CONVERSION = YES;
				CLANG_WARN_OBJC_ROOT_CLASS = YES_ERROR;
				CLANG_WARN_QUOTED_INCLUDE_IN_FRAMEWORK_HEADER = YES;
				CLANG_WARN_RANGE_LOOP_ANALYSIS = YES;
				CLANG_WARN_STRICT_PROTOTYPES = YES;
				CLANG_WARN_SUSPICIOUS_MOVE = YES;
				CLANG_WARN_UNGUARDED_AVAILABILITY = YES_AGGRESSIVE;
				CLANG_WARN_UNREACHABLE_CODE = YES;
				CLANG_WARN__DUPLICATE_METHOD_MATCH = YES;
				COPY_PHASE_STRIP = NO;
				DEBUG_INFORMATION_FORMAT = dwarf;
				ENABLE_STRICT_OBJC_MSGSEND = YES;
				ENABLE_TESTABILITY = YES;
				ENABLE_USER_SCRIPT_SANDBOXING = YES;
				GCC_C_LANGUAGE_STANDARD = gnu17;
				GCC_DYNAMIC_NO_PIC = NO;
				GCC_NO_COMMON_BLOCKS = YES;
				GCC_OPTIMIZATION_LEVEL = 0;
				GCC_PREPROCESSOR_DEFINITIONS = (
					"DEBUG=1",
					"$(inherited)",
				);
				GCC_WARN_64_TO_32_BIT_CONVERSION = YES;
				GCC_WARN_ABOUT_RETURN_TYPE = YES_ERROR;
				GCC_WARN_UNDECLARED_SELECTOR = YES;
				GCC_WARN_UNINITIALIZED_AUTOS = YES_AGGRESSIVE;
				GCC_WARN_UNUSED_FUNCTION = YES;
				GCC_WARN_UNUSED_VARIABLE = YES;
				IPHONEOS_DEPLOYMENT_TARGET = 17.4;
				LOCALIZATION_PREFERS_STRING_CATALOGS = YES;
				MTL_ENABLE_DEBUG_INFO = INCLUDE_SOURCE;
				MTL_FAST_MATH = YES;
				ONLY_ACTIVE_ARCH = YES;
				SDKROOT = iphoneos;
				SWIFT_ACTIVE_COMPILATION_CONDITIONS = "DEBUG $(inherited)";
				SWIFT_OPTIMIZATION_LEVEL = "-Onone";
			};
			name = Debug;
		};
		5C28829D2BC4809D00B52B23 /* Release */ = {
			isa = XCBuildConfiguration;
			buildSettings = {
				ALWAYS_SEARCH_USER_PATHS = NO;
				ASSETCATALOG_COMPILER_GENERATE_SWIFT_ASSET_SYMBOL_EXTENSIONS = YES;
				CLANG_ANALYZER_NONNULL = YES;
				CLANG_ANALYZER_NUMBER_OBJECT_CONVERSION = YES_AGGRESSIVE;
				CLANG_CXX_LANGUAGE_STANDARD = "gnu++20";
				CLANG_ENABLE_MODULES = YES;
				CLANG_ENABLE_OBJC_ARC = YES;
				CLANG_ENABLE_OBJC_WEAK = YES;
				CLANG_WARN_BLOCK_CAPTURE_AUTORELEASING = YES;
				CLANG_WARN_BOOL_CONVERSION = YES;
				CLANG_WARN_COMMA = YES;
				CLANG_WARN_CONSTANT_CONVERSION = YES;
				CLANG_WARN_DEPRECATED_OBJC_IMPLEMENTATIONS = YES;
				CLANG_WARN_DIRECT_OBJC_ISA_USAGE = YES_ERROR;
				CLANG_WARN_DOCUMENTATION_COMMENTS = YES;
				CLANG_WARN_EMPTY_BODY = YES;
				CLANG_WARN_ENUM_CONVERSION = YES;
				CLANG_WARN_INFINITE_RECURSION = YES;
				CLANG_WARN_INT_CONVERSION = YES;
				CLANG_WARN_NON_LITERAL_NULL_CONVERSION = YES;
				CLANG_WARN_OBJC_IMPLICIT_RETAIN_SELF = YES;
				CLANG_WARN_OBJC_LITERAL_CONVERSION = YES;
				CLANG_WARN_OBJC_ROOT_CLASS = YES_ERROR;
				CLANG_WARN_QUOTED_INCLUDE_IN_FRAMEWORK_HEADER = YES;
				CLANG_WARN_RANGE_LOOP_ANALYSIS = YES;
				CLANG_WARN_STRICT_PROTOTYPES = YES;
				CLANG_WARN_SUSPICIOUS_MOVE = YES;
				CLANG_WARN_UNGUARDED_AVAILABILITY = YES_AGGRESSIVE;
				CLANG_WARN_UNREACHABLE_CODE = YES;
				CLANG_WARN__DUPLICATE_METHOD_MATCH = YES;
				COPY_PHASE_STRIP = NO;
				DEBUG_INFORMATION_FORMAT = "dwarf-with-dsym";
				ENABLE_NS_ASSERTIONS = NO;
				ENABLE_STRICT_OBJC_MSGSEND = YES;
				ENABLE_USER_SCRIPT_SANDBOXING = YES;
				GCC_C_LANGUAGE_STANDARD = gnu17;
				GCC_NO_COMMON_BLOCKS = YES;
				GCC_WARN_64_TO_32_BIT_CONVERSION = YES;
				GCC_WARN_ABOUT_RETURN_TYPE = YES_ERROR;
				GCC_WARN_UNDECLARED_SELECTOR = YES;
				GCC_WARN_UNINITIALIZED_AUTOS = YES_AGGRESSIVE;
				GCC_WARN_UNUSED_FUNCTION = YES;
				GCC_WARN_UNUSED_VARIABLE = YES;
				IPHONEOS_DEPLOYMENT_TARGET = 17.4;
				LOCALIZATION_PREFERS_STRING_CATALOGS = YES;
				MTL_ENABLE_DEBUG_INFO = NO;
				MTL_FAST_MATH = YES;
				SDKROOT = iphoneos;
				SWIFT_COMPILATION_MODE = wholemodule;
				VALIDATE_PRODUCT = YES;
			};
			name = Release;
		};
		5C28829F2BC4809D00B52B23 /* Debug */ = {
			isa = XCBuildConfiguration;
			buildSettings = {
				ASSETCATALOG_COMPILER_APPICON_NAME = AppIcon;
				ASSETCATALOG_COMPILER_GLOBAL_ACCENT_COLOR_NAME = AccentColor;
				CODE_SIGN_STYLE = Automatic;
				CURRENT_PROJECT_VERSION = 1;
				DEVELOPMENT_ASSET_PATHS = "\"CatOrDogV1/Preview Content\"";
				DEVELOPMENT_TEAM = K3BS6HSMX8;
				ENABLE_PREVIEWS = YES;
				GENERATE_INFOPLIST_FILE = YES;
				INFOPLIST_KEY_UIApplicationSceneManifest_Generation = YES;
				INFOPLIST_KEY_UIApplicationSupportsIndirectInputEvents = YES;
				INFOPLIST_KEY_UILaunchScreen_Generation = YES;
				INFOPLIST_KEY_UISupportedInterfaceOrientations_iPad = "UIInterfaceOrientationPortrait UIInterfaceOrientationPortraitUpsideDown UIInterfaceOrientationLandscapeLeft UIInterfaceOrientationLandscapeRight";
				INFOPLIST_KEY_UISupportedInterfaceOrientations_iPhone = "UIInterfaceOrientationPortrait UIInterfaceOrientationLandscapeLeft UIInterfaceOrientationLandscapeRight";
				LD_RUNPATH_SEARCH_PATHS = (
					"$(inherited)",
					"@executable_path/Frameworks",
				);
				MARKETING_VERSION = 1.0;
				PRODUCT_BUNDLE_IDENTIFIER = TAMU.CatOrDogV1;
				PRODUCT_NAME = "$(TARGET_NAME)";
				SWIFT_EMIT_LOC_STRINGS = YES;
				SWIFT_VERSION = 5.0;
				TARGETED_DEVICE_FAMILY = "1,2";
			};
			name = Debug;
		};
		5C2882A02BC4809D00B52B23 /* Release */ = {
			isa = XCBuildConfiguration;
			buildSettings = {
				ASSETCATALOG_COMPILER_APPICON_NAME = AppIcon;
				ASSETCATALOG_COMPILER_GLOBAL_ACCENT_COLOR_NAME = AccentColor;
				CODE_SIGN_STYLE = Automatic;
				CURRENT_PROJECT_VERSION = 1;
				DEVELOPMENT_ASSET_PATHS = "\"CatOrDogV1/Preview Content\"";
				DEVELOPMENT_TEAM = K3BS6HSMX8;
				ENABLE_PREVIEWS = YES;
				GENERATE_INFOPLIST_FILE = YES;
				INFOPLIST_KEY_UIApplicationSceneManifest_Generation = YES;
				INFOPLIST_KEY_UIApplicationSupportsIndirectInputEvents = YES;
				INFOPLIST_KEY_UILaunchScreen_Generation = YES;
				INFOPLIST_KEY_UISupportedInterfaceOrientations_iPad = "UIInterfaceOrientationPortrait UIInterfaceOrientationPortraitUpsideDown UIInterfaceOrientationLandscapeLeft UIInterfaceOrientationLandscapeRight";
				INFOPLIST_KEY_UISupportedInterfaceOrientations_iPhone = "UIInterfaceOrientationPortrait UIInterfaceOrientationLandscapeLeft UIInterfaceOrientationLandscapeRight";
				LD_RUNPATH_SEARCH_PATHS = (
					"$(inherited)",
					"@executable_path/Frameworks",
				);
				MARKETING_VERSION = 1.0;
				PRODUCT_BUNDLE_IDENTIFIER = TAMU.CatOrDogV1;
				PRODUCT_NAME = "$(TARGET_NAME)";
				SWIFT_EMIT_LOC_STRINGS = YES;
				SWIFT_VERSION = 5.0;
				TARGETED_DEVICE_FAMILY = "1,2";
			};
			name = Release;
		};
		5C2882A22BC4809D00B52B23 /* Debug */ = {
			isa = XCBuildConfiguration;
			buildSettings = {
				ALWAYS_EMBED_SWIFT_STANDARD_LIBRARIES = YES;
				BUNDLE_LOADER = "$(TEST_HOST)";
				CODE_SIGN_STYLE = Automatic;
				CURRENT_PROJECT_VERSION = 1;
				DEVELOPMENT_TEAM = K3BS6HSMX8;
				GENERATE_INFOPLIST_FILE = YES;
				IPHONEOS_DEPLOYMENT_TARGET = 17.4;
				MARKETING_VERSION = 1.0;
				PRODUCT_BUNDLE_IDENTIFIER = TAMU.CatOrDogV1Tests;
				PRODUCT_NAME = "$(TARGET_NAME)";
				SWIFT_EMIT_LOC_STRINGS = NO;
				SWIFT_VERSION = 5.0;
				TARGETED_DEVICE_FAMILY = "1,2";
				TEST_HOST = "$(BUILT_PRODUCTS_DIR)/CatOrDogV1.app/$(BUNDLE_EXECUTABLE_FOLDER_PATH)/CatOrDogV1";
			};
			name = Debug;
		};
		5C2882A32BC4809D00B52B23 /* Release */ = {
			isa = XCBuildConfiguration;
			buildSettings = {
				ALWAYS_EMBED_SWIFT_STANDARD_LIBRARIES = YES;
				BUNDLE_LOADER = "$(TEST_HOST)";
				CODE_SIGN_STYLE = Automatic;
				CURRENT_PROJECT_VERSION = 1;
				DEVELOPMENT_TEAM = K3BS6HSMX8;
				GENERATE_INFOPLIST_FILE = YES;
				IPHONEOS_DEPLOYMENT_TARGET = 17.4;
				MARKETING_VERSION = 1.0;
				PRODUCT_BUNDLE_IDENTIFIER = TAMU.CatOrDogV1Tests;
				PRODUCT_NAME = "$(TARGET_NAME)";
				SWIFT_EMIT_LOC_STRINGS = NO;
				SWIFT_VERSION = 5.0;
				TARGETED_DEVICE_FAMILY = "1,2";
				TEST_HOST = "$(BUILT_PRODUCTS_DIR)/CatOrDogV1.app/$(BUNDLE_EXECUTABLE_FOLDER_PATH)/CatOrDogV1";
			};
			name = Release;
		};
		5C2882A52BC4809D00B52B23 /* Debug */ = {
			isa = XCBuildConfiguration;
			buildSettings = {
				ALWAYS_EMBED_SWIFT_STANDARD_LIBRARIES = YES;
				CODE_SIGN_STYLE = Automatic;
				CURRENT_PROJECT_VERSION = 1;
				DEVELOPMENT_TEAM = K3BS6HSMX8;
				GENERATE_INFOPLIST_FILE = YES;
				MARKETING_VERSION = 1.0;
				PRODUCT_BUNDLE_IDENTIFIER = TAMU.CatOrDogV1UITests;
				PRODUCT_NAME = "$(TARGET_NAME)";
				SWIFT_EMIT_LOC_STRINGS = NO;
				SWIFT_VERSION = 5.0;
				TARGETED_DEVICE_FAMILY = "1,2";
				TEST_TARGET_NAME = CatOrDogV1;
			};
			name = Debug;
		};
		5C2882A62BC4809D00B52B23 /* Release */ = {
			isa = XCBuildConfiguration;
			buildSettings = {
				ALWAYS_EMBED_SWIFT_STANDARD_LIBRARIES = YES;
				CODE_SIGN_STYLE = Automatic;
				CURRENT_PROJECT_VERSION = 1;
				DEVELOPMENT_TEAM = K3BS6HSMX8;
				GENERATE_INFOPLIST_FILE = YES;
				MARKETING_VERSION = 1.0;
				PRODUCT_BUNDLE_IDENTIFIER = TAMU.CatOrDogV1UITests;
				PRODUCT_NAME = "$(TARGET_NAME)";
				SWIFT_EMIT_LOC_STRINGS = NO;
				SWIFT_VERSION = 5.0;
				TARGETED_DEVICE_FAMILY = "1,2";
				TEST_TARGET_NAME = CatOrDogV1;
			};
			name = Release;
		};
/* End XCBuildConfiguration section */

/* Begin XCConfigurationList section */
		5C2882752BC4809B00B52B23 /* Build configuration list for PBXProject "CatOrDogV1" */ = {
			isa = XCConfigurationList;
			buildConfigurations = (
				5C28829C2BC4809D00B52B23 /* Debug */,
				5C28829D2BC4809D00B52B23 /* Release */,
			);
			defaultConfigurationIsVisible = 0;
			defaultConfigurationName = Release;
		};
		5C28829E2BC4809D00B52B23 /* Build configuration list for PBXNativeTarget "CatOrDogV1" */ = {
			isa = XCConfigurationList;
			buildConfigurations = (
				5C28829F2BC4809D00B52B23 /* Debug */,
				5C2882A02BC4809D00B52B23 /* Release */,
			);
			defaultConfigurationIsVisible = 0;
			defaultConfigurationName = Release;
		};
		5C2882A12BC4809D00B52B23 /* Build configuration list for PBXNativeTarget "CatOrDogV1Tests" */ = {
			isa = XCConfigurationList;
			buildConfigurations = (
				5C2882A22BC4809D00B52B23 /* Debug */,
				5C2882A32BC4809D00B52B23 /* Release */,
			);
			defaultConfigurationIsVisible = 0;
			defaultConfigurationName = Release;
		};
		5C2882A42BC4809D00B52B23 /* Build configuration list for PBXNativeTarget "CatOrDogV1UITests" */ = {
			isa = XCConfigurationList;
			buildConfigurations = (
				5C2882A52BC4809D00B52B23 /* Debug */,
				5C2882A62BC4809D00B52B23 /* Release */,
			);
			defaultConfigurationIsVisible = 0;
			defaultConfigurationName = Release;
		};
/* End XCConfigurationList section */
	};
	rootObject = 5C2882722BC4809B00B52B23 /* Project object */;
}
